
Microsoft Visual Studio Solution File, Format Version 12.00
# Visual Studio Version 17
VisualStudioVersion = 17.8.34330.188
MinimumVisualStudioVersion = 10.0.40219.1
Project("{8BC9CEB8-8B4A-11D0-8D11-00A0C91BC942}") = "Проект", "Проект\Проект.vcxproj", "{994445E0-C9E1-4079-8695-438FA034F3ED}"
EndProject
Global
	GlobalSection(SolutionConfigurationPlatforms) = preSolution
		Debug|x64 = Debug|x64
		Debug|x86 = Debug|x86
		Release|x64 = Release|x64
		Release|x86 = Release|x86
	EndGlobalSection
	GlobalSection(ProjectConfigurationPlatforms) = postSolution
		{994445E0-C9E1-4079-8695-438FA034F3ED}.Debug|x64.ActiveCfg = Debug|x64
		{994445E0-C9E1-4079-8695-438FA034F3ED}.Debug|x64.Build.0 = Debug|x64
		{994445E0-C9E1-4079-8695-438FA034F3ED}.Debug|x86.ActiveCfg = Debug|Win32
		{994445E0-C9E1-4079-8695-438FA034F3ED}.Debug|x86.Build.0 = Debug|Win32
		{994445E0-C9E1-4079-8695-438FA034F3ED}.Release|x64.ActiveCfg = Release|x64
		{994445E0-C9E1-4079-8695-438FA034F3ED}.Release|x64.Build.0 = Release|x64
		{994445E0-C9E1-4079-8695-438FA034F3ED}.Release|x86.ActiveCfg = Release|Win32
		{994445E0-C9E1-4079-8695-438FA034F3ED}.Release|x86.Build.0 = Release|Win32
	EndGlobalSection
	GlobalSection(SolutionProperties) = preSolution
		HideSolutionNode = FALSE
	EndGlobalSection
	GlobalSection(ExtensibilityGlobals) = postSolution
		SolutionGuid = {78CDB6B3-1916-4A9A-BF33-317B87CD5382}
	EndGlobalSection
EndGlobal
